// !$*UTF8*$!
{
	archiveVersion = 1;
	classes = {
	};
	objectVersion = 55;
	objects = {

/* Begin PBXBuildFile section */
		216C64A028842BE1002A9526 /* NetworkManagerProtocol.swift in Sources */ = {isa = PBXBuildFile; fileRef = 216C649F28842BE1002A9526 /* NetworkManagerProtocol.swift */; };
		216C64A228842BE9002A9526 /* NetworkManager.swift in Sources */ = {isa = PBXBuildFile; fileRef = 216C64A128842BE9002A9526 /* NetworkManager.swift */; };
		216C64A528842C58002A9526 /* Tasks.swift in Sources */ = {isa = PBXBuildFile; fileRef = 216C64A428842C58002A9526 /* Tasks.swift */; };
		216C64A728842C62002A9526 /* TaskResponse.swift in Sources */ = {isa = PBXBuildFile; fileRef = 216C64A628842C62002A9526 /* TaskResponse.swift */; };
		218ECAC12884314000E0A7CA /* Moya in Frameworks */ = {isa = PBXBuildFile; productRef = 218ECAC02884314000E0A7CA /* Moya */; };
		218ECAC528843D0F00E0A7CA /* HomeViewModel.swift in Sources */ = {isa = PBXBuildFile; fileRef = 218ECAC428843D0F00E0A7CA /* HomeViewModel.swift */; };
		218ECAC7288447D400E0A7CA /* AuthProvider.swift in Sources */ = {isa = PBXBuildFile; fileRef = 218ECAC6288447D400E0A7CA /* AuthProvider.swift */; };
		218FBFFA288177D600365883 /* AppDelegate.swift in Sources */ = {isa = PBXBuildFile; fileRef = 218FBFF9288177D600365883 /* AppDelegate.swift */; };
		218FBFFC288177D600365883 /* SceneDelegate.swift in Sources */ = {isa = PBXBuildFile; fileRef = 218FBFFB288177D600365883 /* SceneDelegate.swift */; };
		218FBFFE288177D600365883 /* HomeViewController.swift in Sources */ = {isa = PBXBuildFile; fileRef = 218FBFFD288177D600365883 /* HomeViewController.swift */; };
		218FC001288177D600365883 /* Main.storyboard in Resources */ = {isa = PBXBuildFile; fileRef = 218FBFFF288177D600365883 /* Main.storyboard */; };
		218FC003288177D700365883 /* Assets.xcassets in Resources */ = {isa = PBXBuildFile; fileRef = 218FC002288177D700365883 /* Assets.xcassets */; };
		218FC006288177D700365883 /* LaunchScreen.storyboard in Resources */ = {isa = PBXBuildFile; fileRef = 218FC004288177D700365883 /* LaunchScreen.storyboard */; };
		218FC032288344F400365883 /* JiraService.swift in Sources */ = {isa = PBXBuildFile; fileRef = 218FC031288344F400365883 /* JiraService.swift */; };
		3A6574C8C14846AC5700C727 /* Pods_IntergrationJira.framework in Frameworks */ = {isa = PBXBuildFile; fileRef = A33A1B64B35C42038FE3AA08 /* Pods_IntergrationJira.framework */; };
/* End PBXBuildFile section */

/* Begin PBXFileReference section */
		216C649F28842BE1002A9526 /* NetworkManagerProtocol.swift */ = {isa = PBXFileReference; lastKnownFileType = sourcecode.swift; path = NetworkManagerProtocol.swift; sourceTree = "<group>"; };
		216C64A128842BE9002A9526 /* NetworkManager.swift */ = {isa = PBXFileReference; lastKnownFileType = sourcecode.swift; path = NetworkManager.swift; sourceTree = "<group>"; };
		216C64A428842C58002A9526 /* Tasks.swift */ = {isa = PBXFileReference; lastKnownFileType = sourcecode.swift; path = Tasks.swift; sourceTree = "<group>"; };
		216C64A628842C62002A9526 /* TaskResponse.swift */ = {isa = PBXFileReference; lastKnownFileType = sourcecode.swift; path = TaskResponse.swift; sourceTree = "<group>"; };
		218ECAC428843D0F00E0A7CA /* HomeViewModel.swift */ = {isa = PBXFileReference; lastKnownFileType = sourcecode.swift; path = HomeViewModel.swift; sourceTree = "<group>"; };
		218ECAC6288447D400E0A7CA /* AuthProvider.swift */ = {isa = PBXFileReference; lastKnownFileType = sourcecode.swift; path = AuthProvider.swift; sourceTree = "<group>"; };
		218FBFF6288177D600365883 /* IntergrationJira.app */ = {isa = PBXFileReference; explicitFileType = wrapper.application; includeInIndex = 0; path = IntergrationJira.app; sourceTree = BUILT_PRODUCTS_DIR; };
		218FBFF9288177D600365883 /* AppDelegate.swift */ = {isa = PBXFileReference; lastKnownFileType = sourcecode.swift; path = AppDelegate.swift; sourceTree = "<group>"; };
		218FBFFB288177D600365883 /* SceneDelegate.swift */ = {isa = PBXFileReference; lastKnownFileType = sourcecode.swift; path = SceneDelegate.swift; sourceTree = "<group>"; };
		218FBFFD288177D600365883 /* HomeViewController.swift */ = {isa = PBXFileReference; lastKnownFileType = sourcecode.swift; path = HomeViewController.swift; sourceTree = "<group>"; };
		218FC000288177D600365883 /* Base */ = {isa = PBXFileReference; lastKnownFileType = file.storyboard; name = Base; path = Base.lproj/Main.storyboard; sourceTree = "<group>"; };
		218FC002288177D700365883 /* Assets.xcassets */ = {isa = PBXFileReference; lastKnownFileType = folder.assetcatalog; path = Assets.xcassets; sourceTree = "<group>"; };
		218FC005288177D700365883 /* Base */ = {isa = PBXFileReference; lastKnownFileType = file.storyboard; name = Base; path = Base.lproj/LaunchScreen.storyboard; sourceTree = "<group>"; };
		218FC007288177D700365883 /* Info.plist */ = {isa = PBXFileReference; lastKnownFileType = text.plist.xml; path = Info.plist; sourceTree = "<group>"; };
		218FC031288344F400365883 /* JiraService.swift */ = {isa = PBXFileReference; lastKnownFileType = sourcecode.swift; path = JiraService.swift; sourceTree = "<group>"; };
		4D4C4FAC77959AAD962A44D6 /* Pods-IntergrationJira.debug.xcconfig */ = {isa = PBXFileReference; includeInIndex = 1; lastKnownFileType = text.xcconfig; name = "Pods-IntergrationJira.debug.xcconfig"; path = "Target Support Files/Pods-IntergrationJira/Pods-IntergrationJira.debug.xcconfig"; sourceTree = "<group>"; };
		7FE2AB7289C901A10DFDCBD7 /* Pods-IntergrationJira.release.xcconfig */ = {isa = PBXFileReference; includeInIndex = 1; lastKnownFileType = text.xcconfig; name = "Pods-IntergrationJira.release.xcconfig"; path = "Target Support Files/Pods-IntergrationJira/Pods-IntergrationJira.release.xcconfig"; sourceTree = "<group>"; };
		A33A1B64B35C42038FE3AA08 /* Pods_IntergrationJira.framework */ = {isa = PBXFileReference; explicitFileType = wrapper.framework; includeInIndex = 0; path = Pods_IntergrationJira.framework; sourceTree = BUILT_PRODUCTS_DIR; };
/* End PBXFileReference section */

/* Begin PBXFrameworksBuildPhase section */
		218FBFF3288177D600365883 /* Frameworks */ = {
			isa = PBXFrameworksBuildPhase;
			buildActionMask = 2147483647;
			files = (
				218ECAC12884314000E0A7CA /* Moya in Frameworks */,
				3A6574C8C14846AC5700C727 /* Pods_IntergrationJira.framework in Frameworks */,
			);
			runOnlyForDeploymentPostprocessing = 0;
		};
/* End PBXFrameworksBuildPhase section */

/* Begin PBXGroup section */
		216C64A328842C3A002A9526 /* Entities */ = {
			isa = PBXGroup;
			children = (
				216C64A428842C58002A9526 /* Tasks.swift */,
				216C64A628842C62002A9526 /* TaskResponse.swift */,
			);
			path = Entities;
			sourceTree = "<group>";
		};
		216C64A828842C7B002A9526 /* Main */ = {
			isa = PBXGroup;
			children = (
				218FC031288344F400365883 /* JiraService.swift */,
				216C64A128842BE9002A9526 /* NetworkManager.swift */,
				216C649F28842BE1002A9526 /* NetworkManagerProtocol.swift */,
				218ECAC6288447D400E0A7CA /* AuthProvider.swift */,
			);
			path = Main;
			sourceTree = "<group>";
		};
		218FBFED288177D600365883 = {
			isa = PBXGroup;
			children = (
				218FBFF8288177D600365883 /* IntergrationJira */,
				218FBFF7288177D600365883 /* Products */,
				9244CD98117B389CD1971C25 /* Pods */,
				AE8507D99F04FE4E299388DA /* Frameworks */,
			);
			sourceTree = "<group>";
		};
		218FBFF7288177D600365883 /* Products */ = {
			isa = PBXGroup;
			children = (
				218FBFF6288177D600365883 /* IntergrationJira.app */,
			);
			name = Products;
			sourceTree = "<group>";
		};
		218FBFF8288177D600365883 /* IntergrationJira */ = {
			isa = PBXGroup;
			children = (
				218FC00F2883122900365883 /* App */,
				218FC00D2883121D00365883 /* Presentation */,
				218FC00E2883122300365883 /* Data */,
				218FC0102883122C00365883 /* Resource */,
				218FC007288177D700365883 /* Info.plist */,
			);
			path = IntergrationJira;
			sourceTree = "<group>";
		};
		218FC00D2883121D00365883 /* Presentation */ = {
			isa = PBXGroup;
			children = (
				218FC0112883124000365883 /* Storyboards */,
				218FC0122883125F00365883 /* Home */,
			);
			path = Presentation;
			sourceTree = "<group>";
		};
		218FC00E2883122300365883 /* Data */ = {
			isa = PBXGroup;
			children = (
				216C64A828842C7B002A9526 /* Main */,
				216C64A328842C3A002A9526 /* Entities */,
			);
			path = Data;
			sourceTree = "<group>";
		};
		218FC00F2883122900365883 /* App */ = {
			isa = PBXGroup;
			children = (
				218FBFF9288177D600365883 /* AppDelegate.swift */,
				218FBFFB288177D600365883 /* SceneDelegate.swift */,
			);
			path = App;
			sourceTree = "<group>";
		};
		218FC0102883122C00365883 /* Resource */ = {
			isa = PBXGroup;
			children = (
				218FC002288177D700365883 /* Assets.xcassets */,
			);
			path = Resource;
			sourceTree = "<group>";
		};
		218FC0112883124000365883 /* Storyboards */ = {
			isa = PBXGroup;
			children = (
				218FC004288177D700365883 /* LaunchScreen.storyboard */,
				218FBFFF288177D600365883 /* Main.storyboard */,
			);
			path = Storyboards;
			sourceTree = "<group>";
		};
		218FC0122883125F00365883 /* Home */ = {
			isa = PBXGroup;
			children = (
				218FBFFD288177D600365883 /* HomeViewController.swift */,
				218ECAC428843D0F00E0A7CA /* HomeViewModel.swift */,
			);
			path = Home;
			sourceTree = "<group>";
		};
		9244CD98117B389CD1971C25 /* Pods */ = {
			isa = PBXGroup;
			children = (
				4D4C4FAC77959AAD962A44D6 /* Pods-IntergrationJira.debug.xcconfig */,
				7FE2AB7289C901A10DFDCBD7 /* Pods-IntergrationJira.release.xcconfig */,
			);
			path = Pods;
			sourceTree = "<group>";
		};
		AE8507D99F04FE4E299388DA /* Frameworks */ = {
			isa = PBXGroup;
			children = (
				A33A1B64B35C42038FE3AA08 /* Pods_IntergrationJira.framework */,
			);
			name = Frameworks;
			sourceTree = "<group>";
		};
/* End PBXGroup section */

/* Begin PBXNativeTarget section */
		218FBFF5288177D600365883 /* IntergrationJira */ = {
			isa = PBXNativeTarget;
			buildConfigurationList = 218FC00A288177D700365883 /* Build configuration list for PBXNativeTarget "IntergrationJira" */;
			buildPhases = (
				FA7767A2774743BC60E68038 /* [CP] Check Pods Manifest.lock */,
				218FBFF2288177D600365883 /* Sources */,
				218FBFF3288177D600365883 /* Frameworks */,
				218FBFF4288177D600365883 /* Resources */,
				65960D44C8F5CF2E01D34741 /* [CP] Embed Pods Frameworks */,
			);
			buildRules = (
			);
			dependencies = (
			);
			name = IntergrationJira;
			packageProductDependencies = (
				218ECAC02884314000E0A7CA /* Moya */,
			);
			productName = IntergrationJira;
			productReference = 218FBFF6288177D600365883 /* IntergrationJira.app */;
			productType = "com.apple.product-type.application";
		};
/* End PBXNativeTarget section */

/* Begin PBXProject section */
		218FBFEE288177D600365883 /* Project object */ = {
			isa = PBXProject;
			attributes = {
				BuildIndependentTargetsInParallel = 1;
				LastSwiftUpdateCheck = 1340;
				LastUpgradeCheck = 1340;
				TargetAttributes = {
					218FBFF5288177D600365883 = {
						CreatedOnToolsVersion = 13.4.1;
					};
				};
			};
			buildConfigurationList = 218FBFF1288177D600365883 /* Build configuration list for PBXProject "IntergrationJira" */;
			compatibilityVersion = "Xcode 13.0";
			developmentRegion = en;
			hasScannedForEncodings = 0;
			knownRegions = (
				en,
				Base,
			);
			mainGroup = 218FBFED288177D600365883;
			packageReferences = (
				218ECABF2884314000E0A7CA /* XCRemoteSwiftPackageReference "Moya" */,
			);
			productRefGroup = 218FBFF7288177D600365883 /* Products */;
			projectDirPath = "";
			projectRoot = "";
			targets = (
				218FBFF5288177D600365883 /* IntergrationJira */,
			);
		};
/* End PBXProject section */

/* Begin PBXResourcesBuildPhase section */
		218FBFF4288177D600365883 /* Resources */ = {
			isa = PBXResourcesBuildPhase;
			buildActionMask = 2147483647;
			files = (
				218FC006288177D700365883 /* LaunchScreen.storyboard in Resources */,
				218FC003288177D700365883 /* Assets.xcassets in Resources */,
				218FC001288177D600365883 /* Main.storyboard in Resources */,
			);
			runOnlyForDeploymentPostprocessing = 0;
		};
/* End PBXResourcesBuildPhase section */

/* Begin PBXShellScriptBuildPhase section */
		65960D44C8F5CF2E01D34741 /* [CP] Embed Pods Frameworks */ = {
			isa = PBXShellScriptBuildPhase;
			buildActionMask = 2147483647;
			files = (
			);
			inputFileListPaths = (
				"${PODS_ROOT}/Target Support Files/Pods-IntergrationJira/Pods-IntergrationJira-frameworks-${CONFIGURATION}-input-files.xcfilelist",
			);
			name = "[CP] Embed Pods Frameworks";
			outputFileListPaths = (
				"${PODS_ROOT}/Target Support Files/Pods-IntergrationJira/Pods-IntergrationJira-frameworks-${CONFIGURATION}-output-files.xcfilelist",
			);
			runOnlyForDeploymentPostprocessing = 0;
			shellPath = /bin/sh;
			shellScript = "\"${PODS_ROOT}/Target Support Files/Pods-IntergrationJira/Pods-IntergrationJira-frameworks.sh\"\n";
			showEnvVarsInLog = 0;
		};
		FA7767A2774743BC60E68038 /* [CP] Check Pods Manifest.lock */ = {
			isa = PBXShellScriptBuildPhase;
			buildActionMask = 2147483647;
			files = (
			);
			inputFileListPaths = (
			);
			inputPaths = (
				"${PODS_PODFILE_DIR_PATH}/Podfile.lock",
				"${PODS_ROOT}/Manifest.lock",
			);
			name = "[CP] Check Pods Manifest.lock";
			outputFileListPaths = (
			);
			outputPaths = (
				"$(DERIVED_FILE_DIR)/Pods-IntergrationJira-checkManifestLockResult.txt",
			);
			runOnlyForDeploymentPostprocessing = 0;
			shellPath = /bin/sh;
			shellScript = "diff \"${PODS_PODFILE_DIR_PATH}/Podfile.lock\" \"${PODS_ROOT}/Manifest.lock\" > /dev/null\nif [ $? != 0 ] ; then\n    # print error to STDERR\n    echo \"error: The sandbox is not in sync with the Podfile.lock. Run 'pod install' or update your CocoaPods installation.\" >&2\n    exit 1\nfi\n# This output is used by Xcode 'outputs' to avoid re-running this script phase.\necho \"SUCCESS\" > \"${SCRIPT_OUTPUT_FILE_0}\"\n";
			showEnvVarsInLog = 0;
		};
/* End PBXShellScriptBuildPhase section */

/* Begin PBXSourcesBuildPhase section */
		218FBFF2288177D600365883 /* Sources */ = {
			isa = PBXSourcesBuildPhase;
			buildActionMask = 2147483647;
			files = (
				216C64A528842C58002A9526 /* Tasks.swift in Sources */,
				216C64A228842BE9002A9526 /* NetworkManager.swift in Sources */,
				218ECAC7288447D400E0A7CA /* AuthProvider.swift in Sources */,
				218FBFFE288177D600365883 /* HomeViewController.swift in Sources */,
				218ECAC528843D0F00E0A7CA /* HomeViewModel.swift in Sources */,
				218FBFFA288177D600365883 /* AppDelegate.swift in Sources */,
				218FBFFC288177D600365883 /* SceneDelegate.swift in Sources */,
				216C64A028842BE1002A9526 /* NetworkManagerProtocol.swift in Sources */,
				218FC032288344F400365883 /* JiraService.swift in Sources */,
				216C64A728842C62002A9526 /* TaskResponse.swift in Sources */,
			);
			runOnlyForDeploymentPostprocessing = 0;
		};
/* End PBXSourcesBuildPhase section */

/* Begin PBXVariantGroup section */
		218FBFFF288177D600365883 /* Main.storyboard */ = {
			isa = PBXVariantGroup;
			children = (
				218FC000288177D600365883 /* Base */,
			);
			name = Main.storyboard;
			sourceTree = "<group>";
		};
		218FC004288177D700365883 /* LaunchScreen.storyboard */ = {
			isa = PBXVariantGroup;
			children = (
				218FC005288177D700365883 /* Base */,
			);
			name = LaunchScreen.storyboard;
			sourceTree = "<group>";
		};
/* End PBXVariantGroup section */

/* Begin XCBuildConfiguration section */
		218FC008288177D700365883 /* Debug */ = {
			isa = XCBuildConfiguration;
			buildSettings = {
				ALWAYS_SEARCH_USER_PATHS = NO;
				CLANG_ANALYZER_NONNULL = YES;
				CLANG_ANALYZER_NUMBER_OBJECT_CONVERSION = YES_AGGRESSIVE;
				CLANG_CXX_LANGUAGE_STANDARD = "gnu++17";
				CLANG_ENABLE_MODULES = YES;
				CLANG_ENABLE_OBJC_ARC = YES;
				CLANG_ENABLE_OBJC_WEAK = YES;
				CLANG_WARN_BLOCK_CAPTURE_AUTORELEASING = YES;
				CLANG_WARN_BOOL_CONVERSION = YES;
				CLANG_WARN_COMMA = YES;
				CLANG_WARN_CONSTANT_CONVERSION = YES;
				CLANG_WARN_DEPRECATED_OBJC_IMPLEMENTATIONS = YES;
				CLANG_WARN_DIRECT_OBJC_ISA_USAGE = YES_ERROR;
				CLANG_WARN_DOCUMENTATION_COMMENTS = YES;
				CLANG_WARN_EMPTY_BODY = YES;
				CLANG_WARN_ENUM_CONVERSION = YES;
				CLANG_WARN_INFINITE_RECURSION = YES;
				CLANG_WARN_INT_CONVERSION = YES;
				CLANG_WARN_NON_LITERAL_NULL_CONVERSION = YES;
				CLANG_WARN_OBJC_IMPLICIT_RETAIN_SELF = YES;
				CLANG_WARN_OBJC_LITERAL_CONVERSION = YES;
				CLANG_WARN_OBJC_ROOT_CLASS = YES_ERROR;
				CLANG_WARN_QUOTED_INCLUDE_IN_FRAMEWORK_HEADER = YES;
				CLANG_WARN_RANGE_LOOP_ANALYSIS = YES;
				CLANG_WARN_STRICT_PROTOTYPES = YES;
				CLANG_WARN_SUSPICIOUS_MOVE = YES;
				CLANG_WARN_UNGUARDED_AVAILABILITY = YES_AGGRESSIVE;
				CLANG_WARN_UNREACHABLE_CODE = YES;
				CLANG_WARN__DUPLICATE_METHOD_MATCH = YES;
				COPY_PHASE_STRIP = NO;
				DEBUG_INFORMATION_FORMAT = dwarf;
				ENABLE_STRICT_OBJC_MSGSEND = YES;
				ENABLE_TESTABILITY = YES;
				GCC_C_LANGUAGE_STANDARD = gnu11;
				GCC_DYNAMIC_NO_PIC = NO;
				GCC_NO_COMMON_BLOCKS = YES;
				GCC_OPTIMIZATION_LEVEL = 0;
				GCC_PREPROCESSOR_DEFINITIONS = (
					"DEBUG=1",
					"$(inherited)",
				);
				GCC_WARN_64_TO_32_BIT_CONVERSION = YES;
				GCC_WARN_ABOUT_RETURN_TYPE = YES_ERROR;
				GCC_WARN_UNDECLARED_SELECTOR = YES;
				GCC_WARN_UNINITIALIZED_AUTOS = YES_AGGRESSIVE;
				GCC_WARN_UNUSED_FUNCTION = YES;
				GCC_WARN_UNUSED_VARIABLE = YES;
				IPHONEOS_DEPLOYMENT_TARGET = 15.5;
				MTL_ENABLE_DEBUG_INFO = INCLUDE_SOURCE;
				MTL_FAST_MATH = YES;
				ONLY_ACTIVE_ARCH = YES;
				SDKROOT = iphoneos;
				SWIFT_ACTIVE_COMPILATION_CONDITIONS = DEBUG;
				SWIFT_OPTIMIZATION_LEVEL = "-Onone";
			};
			name = Debug;
		};
		218FC009288177D700365883 /* Release */ = {
			isa = XCBuildConfiguration;
			buildSettings = {
				ALWAYS_SEARCH_USER_PATHS = NO;
				CLANG_ANALYZER_NONNULL = YES;
				CLANG_ANALYZER_NUMBER_OBJECT_CONVERSION = YES_AGGRESSIVE;
				CLANG_CXX_LANGUAGE_STANDARD = "gnu++17";
				CLANG_ENABLE_MODULES = YES;
				CLANG_ENABLE_OBJC_ARC = YES;
				CLANG_ENABLE_OBJC_WEAK = YES;
				CLANG_WARN_BLOCK_CAPTURE_AUTORELEASING = YES;
				CLANG_WARN_BOOL_CONVERSION = YES;
				CLANG_WARN_COMMA = YES;
				CLANG_WARN_CONSTANT_CONVERSION = YES;
				CLANG_WARN_DEPRECATED_OBJC_IMPLEMENTATIONS = YES;
				CLANG_WARN_DIRECT_OBJC_ISA_USAGE = YES_ERROR;
				CLANG_WARN_DOCUMENTATION_COMMENTS = YES;
				CLANG_WARN_EMPTY_BODY = YES;
				CLANG_WARN_ENUM_CONVERSION = YES;
				CLANG_WARN_INFINITE_RECURSION = YES;
				CLANG_WARN_INT_CONVERSION = YES;
				CLANG_WARN_NON_LITERAL_NULL_CONVERSION = YES;
				CLANG_WARN_OBJC_IMPLICIT_RETAIN_SELF = YES;
				CLANG_WARN_OBJC_LITERAL_CONVERSION = YES;
				CLANG_WARN_OBJC_ROOT_CLASS = YES_ERROR;
				CLANG_WARN_QUOTED_INCLUDE_IN_FRAMEWORK_HEADER = YES;
				CLANG_WARN_RANGE_LOOP_ANALYSIS = YES;
				CLANG_WARN_STRICT_PROTOTYPES = YES;
				CLANG_WARN_SUSPICIOUS_MOVE = YES;
				CLANG_WARN_UNGUARDED_AVAILABILITY = YES_AGGRESSIVE;
				CLANG_WARN_UNREACHABLE_CODE = YES;
				CLANG_WARN__DUPLICATE_METHOD_MATCH = YES;
				COPY_PHASE_STRIP = NO;
				DEBUG_INFORMATION_FORMAT = "dwarf-with-dsym";
				ENABLE_NS_ASSERTIONS = NO;
				ENABLE_STRICT_OBJC_MSGSEND = YES;
				GCC_C_LANGUAGE_STANDARD = gnu11;
				GCC_NO_COMMON_BLOCKS = YES;
				GCC_WARN_64_TO_32_BIT_CONVERSION = YES;
				GCC_WARN_ABOUT_RETURN_TYPE = YES_ERROR;
				GCC_WARN_UNDECLARED_SELECTOR = YES;
				GCC_WARN_UNINITIALIZED_AUTOS = YES_AGGRESSIVE;
				GCC_WARN_UNUSED_FUNCTION = YES;
				GCC_WARN_UNUSED_VARIABLE = YES;
				IPHONEOS_DEPLOYMENT_TARGET = 15.5;
				MTL_ENABLE_DEBUG_INFO = NO;
				MTL_FAST_MATH = YES;
				SDKROOT = iphoneos;
				SWIFT_COMPILATION_MODE = wholemodule;
				SWIFT_OPTIMIZATION_LEVEL = "-O";
				VALIDATE_PRODUCT = YES;
			};
			name = Release;
		};
		218FC00B288177D700365883 /* Debug */ = {
			isa = XCBuildConfiguration;
			baseConfigurationReference = 4D4C4FAC77959AAD962A44D6 /* Pods-IntergrationJira.debug.xcconfig */;
			buildSettings = {
				ASSETCATALOG_COMPILER_APPICON_NAME = AppIcon;
				ASSETCATALOG_COMPILER_GLOBAL_ACCENT_COLOR_NAME = AccentColor;
				CODE_SIGN_STYLE = Automatic;
				CURRENT_PROJECT_VERSION = 1;
				DEVELOPMENT_TEAM = LVML7564ED;
				GENERATE_INFOPLIST_FILE = YES;
				INFOPLIST_FILE = IntergrationJira/Info.plist;
				INFOPLIST_KEY_UIApplicationSupportsIndirectInputEvents = YES;
				INFOPLIST_KEY_UILaunchStoryboardName = LaunchScreen;
				INFOPLIST_KEY_UIMainStoryboardFile = Main;
				INFOPLIST_KEY_UISupportedInterfaceOrientations_iPad = "UIInterfaceOrientationPortrait UIInterfaceOrientationPortraitUpsideDown UIInterfaceOrientationLandscapeLeft UIInterfaceOrientationLandscapeRight";
				INFOPLIST_KEY_UISupportedInterfaceOrientations_iPhone = "UIInterfaceOrientationPortrait UIInterfaceOrientationLandscapeLeft UIInterfaceOrientationLandscapeRight";
				LD_RUNPATH_SEARCH_PATHS = (
					"$(inherited)",
					"@executable_path/Frameworks",
				);
				MARKETING_VERSION = 1.0;
				PRODUCT_BUNDLE_IDENTIFIER = Khushnidjon.IntergrationJira;
				PRODUCT_NAME = "$(TARGET_NAME)";
				SWIFT_EMIT_LOC_STRINGS = YES;
				SWIFT_VERSION = 5.0;
				TARGETED_DEVICE_FAMILY = "1,2";
			};
			name = Debug;
		};
		218FC00C288177D700365883 /* Release */ = {
			isa = XCBuildConfiguration;
			baseConfigurationReference = 7FE2AB7289C901A10DFDCBD7 /* Pods-IntergrationJira.release.xcconfig */;
			buildSettings = {
				ASSETCATALOG_COMPILER_APPICON_NAME = AppIcon;
				ASSETCATALOG_COMPILER_GLOBAL_ACCENT_COLOR_NAME = AccentColor;
				CODE_SIGN_STYLE = Automatic;
				CURRENT_PROJECT_VERSION = 1;
				DEVELOPMENT_TEAM = LVML7564ED;
				GENERATE_INFOPLIST_FILE = YES;
				INFOPLIST_FILE = IntergrationJira/Info.plist;
				INFOPLIST_KEY_UIApplicationSupportsIndirectInputEvents = YES;
				INFOPLIST_KEY_UILaunchStoryboardName = LaunchScreen;
				INFOPLIST_KEY_UIMainStoryboardFile = Main;
				INFOPLIST_KEY_UISupportedInterfaceOrientations_iPad = "UIInterfaceOrientationPortrait UIInterfaceOrientationPortraitUpsideDown UIInterfaceOrientationLandscapeLeft UIInterfaceOrientationLandscapeRight";
				INFOPLIST_KEY_UISupportedInterfaceOrientations_iPhone = "UIInterfaceOrientationPortrait UIInterfaceOrientationLandscapeLeft UIInterfaceOrientationLandscapeRight";
				LD_RUNPATH_SEARCH_PATHS = (
					"$(inherited)",
					"@executable_path/Frameworks",
				);
				MARKETING_VERSION = 1.0;
				PRODUCT_BUNDLE_IDENTIFIER = Khushnidjon.IntergrationJira;
				PRODUCT_NAME = "$(TARGET_NAME)";
				SWIFT_EMIT_LOC_STRINGS = YES;
				SWIFT_VERSION = 5.0;
				TARGETED_DEVICE_FAMILY = "1,2";
			};
			name = Release;
		};
/* End XCBuildConfiguration section */

/* Begin XCConfigurationList section */
		218FBFF1288177D600365883 /* Build configuration list for PBXProject "IntergrationJira" */ = {
			isa = XCConfigurationList;
			buildConfigurations = (
				218FC008288177D700365883 /* Debug */,
				218FC009288177D700365883 /* Release */,
			);
			defaultConfigurationIsVisible = 0;
			defaultConfigurationName = Release;
		};
		218FC00A288177D700365883 /* Build configuration list for PBXNativeTarget "IntergrationJira" */ = {
			isa = XCConfigurationList;
			buildConfigurations = (
				218FC00B288177D700365883 /* Debug */,
				218FC00C288177D700365883 /* Release */,
			);
			defaultConfigurationIsVisible = 0;
			defaultConfigurationName = Release;
		};
/* End XCConfigurationList section */

/* Begin XCRemoteSwiftPackageReference section */
		218ECABF2884314000E0A7CA /* XCRemoteSwiftPackageReference "Moya" */ = {
			isa = XCRemoteSwiftPackageReference;
			repositoryURL = "https://github.com/Moya/Moya.git";
			requirement = {
				kind = upToNextMajorVersion;
				minimumVersion = 15.0.0;
			};
		};
/* End XCRemoteSwiftPackageReference section */

/* Begin XCSwiftPackageProductDependency section */
		218ECAC02884314000E0A7CA /* Moya */ = {
			isa = XCSwiftPackageProductDependency;
			package = 218ECABF2884314000E0A7CA /* XCRemoteSwiftPackageReference "Moya" */;
			productName = Moya;
		};
/* End XCSwiftPackageProductDependency section */
	};
	rootObject = 218FBFEE288177D600365883 /* Project object */;
}
